
Microsoft Visual Studio Solution File, Format Version 12.00
Project("{FAE04EC0-301F-11D3-BF4B-00C04F79EFBC}") = "TestProject", "TestProject\TestProject.csproj", "{08E47AE1-3300-49EF-A9E3-077CB00B4576}"
EndProject
Project("{FAE04EC0-301F-11D3-BF4B-00C04F79EFBC}") = "TestProject.Test", "TestProject.Test\TestProject.Test.csproj", "{7EDFF798-2DF2-497B-AA6A-F9F3EDE5C840}"
EndProject
Global
	GlobalSection(SolutionConfigurationPlatforms) = preSolution
		Debug|Any CPU = Debug|Any CPU
		Release|Any CPU = Release|Any CPU
	EndGlobalSection
	GlobalSection(ProjectConfigurationPlatforms) = postSolution
		{08E47AE1-3300-49EF-A9E3-077CB00B4576}.Debug|Any CPU.ActiveCfg = Debug|Any CPU
		{08E47AE1-3300-49EF-A9E3-077CB00B4576}.Debug|Any CPU.Build.0 = Debug|Any CPU
		{08E47AE1-3300-49EF-A9E3-077CB00B4576}.Release|Any CPU.ActiveCfg = Release|Any CPU
		{08E47AE1-3300-49EF-A9E3-077CB00B4576}.Release|Any CPU.Build.0 = Release|Any CPU
		{7EDFF798-2DF2-497B-AA6A-F9F3EDE5C840}.Debug|Any CPU.ActiveCfg = Debug|Any CPU
		{7EDFF798-2DF2-497B-AA6A-F9F3EDE5C840}.Debug|Any CPU.Build.0 = Debug|Any CPU
		{7EDFF798-2DF2-497B-AA6A-F9F3EDE5C840}.Release|Any CPU.ActiveCfg = Release|Any CPU
		{7EDFF798-2DF2-497B-AA6A-F9F3EDE5C840}.Release|Any CPU.Build.0 = Release|Any CPU
	EndGlobalSection
EndGlobal
